Microsoft Visual Studio Solution File, Format Version 11.00
# Visual Studio 2013
Project("{F9881AEC-162D-45E3-44D2-55BA34AFC4FC}") = "MainMenuSample", "MainMenuSample.vcxproj", "{50BA0B6B-6811-9468-465D-5735ADB25142}"
EndProject
Global
	GlobalSection(SolutionConfigurationPlatforms) = preSolution
		Debug|Win32 = Debug|Win32
		Release|Win32 = Release|Win32
	EndGlobalSection
	GlobalSection(ProjectConfigurationPlatforms) = postSolution
		{50BA0B6B-6811-9468-465D-5735ADB25142}.Debug|Win32.ActiveCfg = Debug|Win32
		{50BA0B6B-6811-9468-465D-5735ADB25142}.Debug|Win32.Build.0 = Debug|Win32
		{50BA0B6B-6811-9468-465D-5735ADB25142}.Release|Win32.ActiveCfg = Release|Win32
		{50BA0B6B-6811-9468-465D-5735ADB25142}.Release|Win32.Build.0 = Release|Win32
	EndGlobalSection
	GlobalSection(SolutionProperties) = preSolution
		HideSolutionNode = FALSE
	EndGlobalSection
EndGlobal
